
Microsoft Visual Studio Solution File, Format Version 12.00
# Visual Studio 14
VisualStudioVersion = 14.0.25420.1
MinimumVisualStudioVersion = 10.0.40219.1
Project("{FAE04EC0-301F-11D3-BF4B-00C04F79EFBC}") = "CarsService", "CarsService\CarsService.csproj", "{B7F936BA-119A-42F0-8091-A6F06C81D4F7}"
EndProject
Project("{FAE04EC0-301F-11D3-BF4B-00C04F79EFBC}") = "CarsService.Host", "CarsService.Host\CarsService.Host.csproj", "{8DDC6F72-6637-4981-BFBE-216A319E72D7}"
EndProject
Project("{FAE04EC0-301F-11D3-BF4B-00C04F79EFBC}") = "CarsService.Data", "CarsService.Data\CarsService.Data.csproj", "{911BAED0-CF6D-4B0C-A361-017F0EDF4FB9}"
EndProject
Project("{FAE04EC0-301F-11D3-BF4B-00C04F79EFBC}") = "CarsService.Tests", "CarsService.Tests\CarsService.Tests.csproj", "{D5651FC5-3F99-4D7E-BE37-F18758DEB8D4}"
EndProject
Project("{FAE04EC0-301F-11D3-BF4B-00C04F79EFBC}") = "CarsClient", "CarsClient\CarsClient.csproj", "{9ACC61D4-838B-4B69-844B-0DE1E2A493FB}"
EndProject
Project("{FAE04EC0-301F-11D3-BF4B-00C04F79EFBC}") = "ClientProxy", "ClientProxy\ClientProxy.csproj", "{69DE899F-7108-4728-88D2-E3516B582267}"
EndProject
Global
	GlobalSection(SolutionConfigurationPlatforms) = preSolution
		d1|Any CPU = d1|Any CPU
		d1|debug2 = d1|debug2
		d1|x64 = d1|x64
		d2|Any CPU = d2|Any CPU
		d2|debug2 = d2|debug2
		d2|x64 = d2|x64
		d3|Any CPU = d3|Any CPU
		d3|debug2 = d3|debug2
		d3|x64 = d3|x64
		Debug|Any CPU = Debug|Any CPU
		Debug|debug2 = Debug|debug2
		Debug|x64 = Debug|x64
		Release|Any CPU = Release|Any CPU
		Release|debug2 = Release|debug2
		Release|x64 = Release|x64
	EndGlobalSection
	GlobalSection(ProjectConfigurationPlatforms) = postSolution
		{B7F936BA-119A-42F0-8091-A6F06C81D4F7}.d1|Any CPU.ActiveCfg = d1|Any CPU
		{B7F936BA-119A-42F0-8091-A6F06C81D4F7}.d1|Any CPU.Build.0 = d1|Any CPU
		{B7F936BA-119A-42F0-8091-A6F06C81D4F7}.d1|debug2.ActiveCfg = d1|Any CPU
		{B7F936BA-119A-42F0-8091-A6F06C81D4F7}.d1|debug2.Build.0 = d1|Any CPU
		{B7F936BA-119A-42F0-8091-A6F06C81D4F7}.d1|x64.ActiveCfg = d1|x64
		{B7F936BA-119A-42F0-8091-A6F06C81D4F7}.d1|x64.Build.0 = d1|x64
		{B7F936BA-119A-42F0-8091-A6F06C81D4F7}.d2|Any CPU.ActiveCfg = d2|Any CPU
		{B7F936BA-119A-42F0-8091-A6F06C81D4F7}.d2|Any CPU.Build.0 = d2|Any CPU
		{B7F936BA-119A-42F0-8091-A6F06C81D4F7}.d2|debug2.ActiveCfg = d2|Any CPU
		{B7F936BA-119A-42F0-8091-A6F06C81D4F7}.d2|debug2.Build.0 = d2|Any CPU
		{B7F936BA-119A-42F0-8091-A6F06C81D4F7}.d2|x64.ActiveCfg = d2|x64
		{B7F936BA-119A-42F0-8091-A6F06C81D4F7}.d2|x64.Build.0 = d2|x64
		{B7F936BA-119A-42F0-8091-A6F06C81D4F7}.d3|Any CPU.ActiveCfg = d3|Any CPU
		{B7F936BA-119A-42F0-8091-A6F06C81D4F7}.d3|Any CPU.Build.0 = d3|Any CPU
		{B7F936BA-119A-42F0-8091-A6F06C81D4F7}.d3|debug2.ActiveCfg = d3|Any CPU
		{B7F936BA-119A-42F0-8091-A6F06C81D4F7}.d3|debug2.Build.0 = d3|Any CPU
		{B7F936BA-119A-42F0-8091-A6F06C81D4F7}.d3|x64.ActiveCfg = d3|x64
		{B7F936BA-119A-42F0-8091-A6F06C81D4F7}.d3|x64.Build.0 = d3|x64
		{B7F936BA-119A-42F0-8091-A6F06C81D4F7}.Debug|Any CPU.ActiveCfg = Debug|Any CPU
		{B7F936BA-119A-42F0-8091-A6F06C81D4F7}.Debug|Any CPU.Build.0 = Debug|Any CPU
		{B7F936BA-119A-42F0-8091-A6F06C81D4F7}.Debug|debug2.ActiveCfg = Debug|Any CPU
		{B7F936BA-119A-42F0-8091-A6F06C81D4F7}.Debug|debug2.Build.0 = Debug|Any CPU
		{B7F936BA-119A-42F0-8091-A6F06C81D4F7}.Debug|x64.ActiveCfg = Debug|x64
		{B7F936BA-119A-42F0-8091-A6F06C81D4F7}.Debug|x64.Build.0 = Debug|x64
		{B7F936BA-119A-42F0-8091-A6F06C81D4F7}.Release|Any CPU.ActiveCfg = Release|Any CPU
		{B7F936BA-119A-42F0-8091-A6F06C81D4F7}.Release|Any CPU.Build.0 = Release|Any CPU
		{B7F936BA-119A-42F0-8091-A6F06C81D4F7}.Release|debug2.ActiveCfg = Release|Any CPU
		{B7F936BA-119A-42F0-8091-A6F06C81D4F7}.Release|debug2.Build.0 = Release|Any CPU
		{B7F936BA-119A-42F0-8091-A6F06C81D4F7}.Release|x64.ActiveCfg = Release|x64
		{B7F936BA-119A-42F0-8091-A6F06C81D4F7}.Release|x64.Build.0 = Release|x64
		{8DDC6F72-6637-4981-BFBE-216A319E72D7}.d1|Any CPU.ActiveCfg = d1|Any CPU
		{8DDC6F72-6637-4981-BFBE-216A319E72D7}.d1|Any CPU.Build.0 = d1|Any CPU
		{8DDC6F72-6637-4981-BFBE-216A319E72D7}.d1|debug2.ActiveCfg = d1|Any CPU
		{8DDC6F72-6637-4981-BFBE-216A319E72D7}.d1|debug2.Build.0 = d1|Any CPU
		{8DDC6F72-6637-4981-BFBE-216A319E72D7}.d1|x64.ActiveCfg = d1|x64
		{8DDC6F72-6637-4981-BFBE-216A319E72D7}.d1|x64.Build.0 = d1|x64
		{8DDC6F72-6637-4981-BFBE-216A319E72D7}.d2|Any CPU.ActiveCfg = d2|Any CPU
		{8DDC6F72-6637-4981-BFBE-216A319E72D7}.d2|Any CPU.Build.0 = d2|Any CPU
		{8DDC6F72-6637-4981-BFBE-216A319E72D7}.d2|debug2.ActiveCfg = d2|Any CPU
		{8DDC6F72-6637-4981-BFBE-216A319E72D7}.d2|debug2.Build.0 = d2|Any CPU
		{8DDC6F72-6637-4981-BFBE-216A319E72D7}.d2|x64.ActiveCfg = d2|x64
		{8DDC6F72-6637-4981-BFBE-216A319E72D7}.d2|x64.Build.0 = d2|x64
		{8DDC6F72-6637-4981-BFBE-216A319E72D7}.d3|Any CPU.ActiveCfg = d3|Any CPU
		{8DDC6F72-6637-4981-BFBE-216A319E72D7}.d3|Any CPU.Build.0 = d3|Any CPU
		{8DDC6F72-6637-4981-BFBE-216A319E72D7}.d3|debug2.ActiveCfg = d3|Any CPU
		{8DDC6F72-6637-4981-BFBE-216A319E72D7}.d3|debug2.Build.0 = d3|Any CPU
		{8DDC6F72-6637-4981-BFBE-216A319E72D7}.d3|x64.ActiveCfg = d3|x64
		{8DDC6F72-6637-4981-BFBE-216A319E72D7}.d3|x64.Build.0 = d3|x64
		{8DDC6F72-6637-4981-BFBE-216A319E72D7}.Debug|Any CPU.ActiveCfg = Debug|Any CPU
		{8DDC6F72-6637-4981-BFBE-216A319E72D7}.Debug|Any CPU.Build.0 = Debug|Any CPU
		{8DDC6F72-6637-4981-BFBE-216A319E72D7}.Debug|debug2.ActiveCfg = Debug|Any CPU
		{8DDC6F72-6637-4981-BFBE-216A319E72D7}.Debug|debug2.Build.0 = Debug|Any CPU
		{8DDC6F72-6637-4981-BFBE-216A319E72D7}.Debug|x64.ActiveCfg = Debug|x64
		{8DDC6F72-6637-4981-BFBE-216A319E72D7}.Debug|x64.Build.0 = Debug|x64
		{8DDC6F72-6637-4981-BFBE-216A319E72D7}.Release|Any CPU.ActiveCfg = Release|Any CPU
		{8DDC6F72-6637-4981-BFBE-216A319E72D7}.Release|Any CPU.Build.0 = Release|Any CPU
		{8DDC6F72-6637-4981-BFBE-216A319E72D7}.Release|debug2.ActiveCfg = Release|Any CPU
		{8DDC6F72-6637-4981-BFBE-216A319E72D7}.Release|debug2.Build.0 = Release|Any CPU
		{8DDC6F72-6637-4981-BFBE-216A319E72D7}.Release|x64.ActiveCfg = Release|x64
		{8DDC6F72-6637-4981-BFBE-216A319E72D7}.Release|x64.Build.0 = Release|x64
		{911BAED0-CF6D-4B0C-A361-017F0EDF4FB9}.d1|Any CPU.ActiveCfg = d1|Any CPU
		{911BAED0-CF6D-4B0C-A361-017F0EDF4FB9}.d1|Any CPU.Build.0 = d1|Any CPU
		{911BAED0-CF6D-4B0C-A361-017F0EDF4FB9}.d1|debug2.ActiveCfg = d1|Any CPU
		{911BAED0-CF6D-4B0C-A361-017F0EDF4FB9}.d1|debug2.Build.0 = d1|Any CPU
		{911BAED0-CF6D-4B0C-A361-017F0EDF4FB9}.d1|x64.ActiveCfg = d1|x64
		{911BAED0-CF6D-4B0C-A361-017F0EDF4FB9}.d1|x64.Build.0 = d1|x64
		{911BAED0-CF6D-4B0C-A361-017F0EDF4FB9}.d2|Any CPU.ActiveCfg = d2|Any CPU
		{911BAED0-CF6D-4B0C-A361-017F0EDF4FB9}.d2|Any CPU.Build.0 = d2|Any CPU
		{911BAED0-CF6D-4B0C-A361-017F0EDF4FB9}.d2|debug2.ActiveCfg = d2|Any CPU
		{911BAED0-CF6D-4B0C-A361-017F0EDF4FB9}.d2|debug2.Build.0 = d2|Any CPU
		{911BAED0-CF6D-4B0C-A361-017F0EDF4FB9}.d2|x64.ActiveCfg = d2|x64
		{911BAED0-CF6D-4B0C-A361-017F0EDF4FB9}.d2|x64.Build.0 = d2|x64
		{911BAED0-CF6D-4B0C-A361-017F0EDF4FB9}.d3|Any CPU.ActiveCfg = d3|Any CPU
		{911BAED0-CF6D-4B0C-A361-017F0EDF4FB9}.d3|Any CPU.Build.0 = d3|Any CPU
		{911BAED0-CF6D-4B0C-A361-017F0EDF4FB9}.d3|debug2.ActiveCfg = d3|Any CPU
		{911BAED0-CF6D-4B0C-A361-017F0EDF4FB9}.d3|debug2.Build.0 = d3|Any CPU
		{911BAED0-CF6D-4B0C-A361-017F0EDF4FB9}.d3|x64.ActiveCfg = d3|x64
		{911BAED0-CF6D-4B0C-A361-017F0EDF4FB9}.d3|x64.Build.0 = d3|x64
		{911BAED0-CF6D-4B0C-A361-017F0EDF4FB9}.Debug|Any CPU.ActiveCfg = Debug|Any CPU
		{911BAED0-CF6D-4B0C-A361-017F0EDF4FB9}.Debug|Any CPU.Build.0 = Debug|Any CPU
		{911BAED0-CF6D-4B0C-A361-017F0EDF4FB9}.Debug|debug2.ActiveCfg = Debug|Any CPU
		{911BAED0-CF6D-4B0C-A361-017F0EDF4FB9}.Debug|debug2.Build.0 = Debug|Any CPU
		{911BAED0-CF6D-4B0C-A361-017F0EDF4FB9}.Debug|x64.ActiveCfg = Debug|x64
		{911BAED0-CF6D-4B0C-A361-017F0EDF4FB9}.Debug|x64.Build.0 = Debug|x64
		{911BAED0-CF6D-4B0C-A361-017F0EDF4FB9}.Release|Any CPU.ActiveCfg = Release|Any CPU
		{911BAED0-CF6D-4B0C-A361-017F0EDF4FB9}.Release|Any CPU.Build.0 = Release|Any CPU
		{911BAED0-CF6D-4B0C-A361-017F0EDF4FB9}.Release|debug2.ActiveCfg = Release|Any CPU
		{911BAED0-CF6D-4B0C-A361-017F0EDF4FB9}.Release|debug2.Build.0 = Release|Any CPU
		{911BAED0-CF6D-4B0C-A361-017F0EDF4FB9}.Release|x64.ActiveCfg = Release|x64
		{911BAED0-CF6D-4B0C-A361-017F0EDF4FB9}.Release|x64.Build.0 = Release|x64
		{D5651FC5-3F99-4D7E-BE37-F18758DEB8D4}.d1|Any CPU.ActiveCfg = d1|Any CPU
		{D5651FC5-3F99-4D7E-BE37-F18758DEB8D4}.d1|Any CPU.Build.0 = d1|Any CPU
		{D5651FC5-3F99-4D7E-BE37-F18758DEB8D4}.d1|debug2.ActiveCfg = d1|Any CPU
		{D5651FC5-3F99-4D7E-BE37-F18758DEB8D4}.d1|debug2.Build.0 = d1|Any CPU
		{D5651FC5-3F99-4D7E-BE37-F18758DEB8D4}.d1|x64.ActiveCfg = d1|x64
		{D5651FC5-3F99-4D7E-BE37-F18758DEB8D4}.d1|x64.Build.0 = d1|x64
		{D5651FC5-3F99-4D7E-BE37-F18758DEB8D4}.d2|Any CPU.ActiveCfg = d2|Any CPU
		{D5651FC5-3F99-4D7E-BE37-F18758DEB8D4}.d2|Any CPU.Build.0 = d2|Any CPU
		{D5651FC5-3F99-4D7E-BE37-F18758DEB8D4}.d2|debug2.ActiveCfg = d2|Any CPU
		{D5651FC5-3F99-4D7E-BE37-F18758DEB8D4}.d2|debug2.Build.0 = d2|Any CPU
		{D5651FC5-3F99-4D7E-BE37-F18758DEB8D4}.d2|x64.ActiveCfg = d2|x64
		{D5651FC5-3F99-4D7E-BE37-F18758DEB8D4}.d2|x64.Build.0 = d2|x64
		{D5651FC5-3F99-4D7E-BE37-F18758DEB8D4}.d3|Any CPU.ActiveCfg = d3|Any CPU
		{D5651FC5-3F99-4D7E-BE37-F18758DEB8D4}.d3|Any CPU.Build.0 = d3|Any CPU
		{D5651FC5-3F99-4D7E-BE37-F18758DEB8D4}.d3|debug2.ActiveCfg = d3|Any CPU
		{D5651FC5-3F99-4D7E-BE37-F18758DEB8D4}.d3|debug2.Build.0 = d3|Any CPU
		{D5651FC5-3F99-4D7E-BE37-F18758DEB8D4}.d3|x64.ActiveCfg = d3|x64
		{D5651FC5-3F99-4D7E-BE37-F18758DEB8D4}.d3|x64.Build.0 = d3|x64
		{D5651FC5-3F99-4D7E-BE37-F18758DEB8D4}.Debug|Any CPU.ActiveCfg = Debug|Any CPU
		{D5651FC5-3F99-4D7E-BE37-F18758DEB8D4}.Debug|Any CPU.Build.0 = Debug|Any CPU
		{D5651FC5-3F99-4D7E-BE37-F18758DEB8D4}.Debug|debug2.ActiveCfg = Debug|Any CPU
		{D5651FC5-3F99-4D7E-BE37-F18758DEB8D4}.Debug|debug2.Build.0 = Debug|Any CPU
		{D5651FC5-3F99-4D7E-BE37-F18758DEB8D4}.Debug|x64.ActiveCfg = Debug|x64
		{D5651FC5-3F99-4D7E-BE37-F18758DEB8D4}.Debug|x64.Build.0 = Debug|x64
		{D5651FC5-3F99-4D7E-BE37-F18758DEB8D4}.Release|Any CPU.ActiveCfg = Release|Any CPU
		{D5651FC5-3F99-4D7E-BE37-F18758DEB8D4}.Release|Any CPU.Build.0 = Release|Any CPU
		{D5651FC5-3F99-4D7E-BE37-F18758DEB8D4}.Release|debug2.ActiveCfg = Release|Any CPU
		{D5651FC5-3F99-4D7E-BE37-F18758DEB8D4}.Release|debug2.Build.0 = Release|Any CPU
		{D5651FC5-3F99-4D7E-BE37-F18758DEB8D4}.Release|x64.ActiveCfg = Release|x64
		{D5651FC5-3F99-4D7E-BE37-F18758DEB8D4}.Release|x64.Build.0 = Release|x64
		{9ACC61D4-838B-4B69-844B-0DE1E2A493FB}.d1|Any CPU.ActiveCfg = d1|Any CPU
		{9ACC61D4-838B-4B69-844B-0DE1E2A493FB}.d1|Any CPU.Build.0 = d1|Any CPU
		{9ACC61D4-838B-4B69-844B-0DE1E2A493FB}.d1|debug2.ActiveCfg = d1|Any CPU
		{9ACC61D4-838B-4B69-844B-0DE1E2A493FB}.d1|debug2.Build.0 = d1|Any CPU
		{9ACC61D4-838B-4B69-844B-0DE1E2A493FB}.d1|x64.ActiveCfg = d1|x64
		{9ACC61D4-838B-4B69-844B-0DE1E2A493FB}.d1|x64.Build.0 = d1|x64
		{9ACC61D4-838B-4B69-844B-0DE1E2A493FB}.d2|Any CPU.ActiveCfg = d2|Any CPU
		{9ACC61D4-838B-4B69-844B-0DE1E2A493FB}.d2|Any CPU.Build.0 = d2|Any CPU
		{9ACC61D4-838B-4B69-844B-0DE1E2A493FB}.d2|debug2.ActiveCfg = d2|Any CPU
		{9ACC61D4-838B-4B69-844B-0DE1E2A493FB}.d2|debug2.Build.0 = d2|Any CPU
		{9ACC61D4-838B-4B69-844B-0DE1E2A493FB}.d2|x64.ActiveCfg = d2|x64
		{9ACC61D4-838B-4B69-844B-0DE1E2A493FB}.d2|x64.Build.0 = d2|x64
		{9ACC61D4-838B-4B69-844B-0DE1E2A493FB}.d3|Any CPU.ActiveCfg = d3|Any CPU
		{9ACC61D4-838B-4B69-844B-0DE1E2A493FB}.d3|Any CPU.Build.0 = d3|Any CPU
		{9ACC61D4-838B-4B69-844B-0DE1E2A493FB}.d3|debug2.ActiveCfg = d3|Any CPU
		{9ACC61D4-838B-4B69-844B-0DE1E2A493FB}.d3|debug2.Build.0 = d3|Any CPU
		{9ACC61D4-838B-4B69-844B-0DE1E2A493FB}.d3|x64.ActiveCfg = d3|x64
		{9ACC61D4-838B-4B69-844B-0DE1E2A493FB}.d3|x64.Build.0 = d3|x64
		{9ACC61D4-838B-4B69-844B-0DE1E2A493FB}.Debug|Any CPU.ActiveCfg = Debug|Any CPU
		{9ACC61D4-838B-4B69-844B-0DE1E2A493FB}.Debug|Any CPU.Build.0 = Debug|Any CPU
		{9ACC61D4-838B-4B69-844B-0DE1E2A493FB}.Debug|debug2.ActiveCfg = Debug|Any CPU
		{9ACC61D4-838B-4B69-844B-0DE1E2A493FB}.Debug|debug2.Build.0 = Debug|Any CPU
		{9ACC61D4-838B-4B69-844B-0DE1E2A493FB}.Debug|x64.ActiveCfg = Debug|x64
		{9ACC61D4-838B-4B69-844B-0DE1E2A493FB}.Debug|x64.Build.0 = Debug|x64
		{9ACC61D4-838B-4B69-844B-0DE1E2A493FB}.Release|Any CPU.ActiveCfg = Release|Any CPU
		{9ACC61D4-838B-4B69-844B-0DE1E2A493FB}.Release|Any CPU.Build.0 = Release|Any CPU
		{9ACC61D4-838B-4B69-844B-0DE1E2A493FB}.Release|debug2.ActiveCfg = Release|Any CPU
		{9ACC61D4-838B-4B69-844B-0DE1E2A493FB}.Release|debug2.Build.0 = Release|Any CPU
		{9ACC61D4-838B-4B69-844B-0DE1E2A493FB}.Release|x64.ActiveCfg = Release|x64
		{9ACC61D4-838B-4B69-844B-0DE1E2A493FB}.Release|x64.Build.0 = Release|x64
		{69DE899F-7108-4728-88D2-E3516B582267}.d1|Any CPU.ActiveCfg = d1|Any CPU
		{69DE899F-7108-4728-88D2-E3516B582267}.d1|Any CPU.Build.0 = d1|Any CPU
		{69DE899F-7108-4728-88D2-E3516B582267}.d1|debug2.ActiveCfg = d1|Any CPU
		{69DE899F-7108-4728-88D2-E3516B582267}.d1|debug2.Build.0 = d1|Any CPU
		{69DE899F-7108-4728-88D2-E3516B582267}.d1|x64.ActiveCfg = d1|Any CPU
		{69DE899F-7108-4728-88D2-E3516B582267}.d1|x64.Build.0 = d1|Any CPU
		{69DE899F-7108-4728-88D2-E3516B582267}.d2|Any CPU.ActiveCfg = d2|Any CPU
		{69DE899F-7108-4728-88D2-E3516B582267}.d2|Any CPU.Build.0 = d2|Any CPU
		{69DE899F-7108-4728-88D2-E3516B582267}.d2|debug2.ActiveCfg = d2|Any CPU
		{69DE899F-7108-4728-88D2-E3516B582267}.d2|debug2.Build.0 = d2|Any CPU
		{69DE899F-7108-4728-88D2-E3516B582267}.d2|x64.ActiveCfg = d2|Any CPU
		{69DE899F-7108-4728-88D2-E3516B582267}.d2|x64.Build.0 = d2|Any CPU
		{69DE899F-7108-4728-88D2-E3516B582267}.d3|Any CPU.ActiveCfg = d3|Any CPU
		{69DE899F-7108-4728-88D2-E3516B582267}.d3|Any CPU.Build.0 = d3|Any CPU
		{69DE899F-7108-4728-88D2-E3516B582267}.d3|debug2.ActiveCfg = d3|Any CPU
		{69DE899F-7108-4728-88D2-E3516B582267}.d3|debug2.Build.0 = d3|Any CPU
		{69DE899F-7108-4728-88D2-E3516B582267}.d3|x64.ActiveCfg = d3|Any CPU
		{69DE899F-7108-4728-88D2-E3516B582267}.d3|x64.Build.0 = d3|Any CPU
		{69DE899F-7108-4728-88D2-E3516B582267}.Debug|Any CPU.ActiveCfg = Debug|Any CPU
		{69DE899F-7108-4728-88D2-E3516B582267}.Debug|Any CPU.Build.0 = Debug|Any CPU
		{69DE899F-7108-4728-88D2-E3516B582267}.Debug|debug2.ActiveCfg = Debug|Any CPU
		{69DE899F-7108-4728-88D2-E3516B582267}.Debug|debug2.Build.0 = Debug|Any CPU
		{69DE899F-7108-4728-88D2-E3516B582267}.Debug|x64.ActiveCfg = Debug|Any CPU
		{69DE899F-7108-4728-88D2-E3516B582267}.Debug|x64.Build.0 = Debug|Any CPU
		{69DE899F-7108-4728-88D2-E3516B582267}.Release|Any CPU.ActiveCfg = Release|Any CPU
		{69DE899F-7108-4728-88D2-E3516B582267}.Release|Any CPU.Build.0 = Release|Any CPU
		{69DE899F-7108-4728-88D2-E3516B582267}.Release|debug2.ActiveCfg = Release|Any CPU
		{69DE899F-7108-4728-88D2-E3516B582267}.Release|debug2.Build.0 = Release|Any CPU
		{69DE899F-7108-4728-88D2-E3516B582267}.Release|x64.ActiveCfg = Release|Any CPU
		{69DE899F-7108-4728-88D2-E3516B582267}.Release|x64.Build.0 = Release|Any CPU
	EndGlobalSection
	GlobalSection(SolutionProperties) = preSolution
		HideSolutionNode = FALSE
	EndGlobalSection
	GlobalSection(TeamFoundationVersionControl) = preSolution
		SccNumberOfProjects = 7
		SccEnterpriseProvider = {4CA58AB2-18FA-4F8D-95D4-32DDF27D184C}
		SccTeamFoundationServer = http://192.168.1.103:8080/tfs/homeprojects
		SccLocalPath0 = .
		SccProjectUniqueName1 = CarsService\\CarsService.csproj
		SccProjectName1 = CarsService
		SccLocalPath1 = CarsService
		SccProjectUniqueName2 = CarsService.Host\\CarsService.Host.csproj
		SccProjectName2 = CarsService.Host
		SccLocalPath2 = CarsService.Host
		SccProjectUniqueName3 = CarsService.Data\\CarsService.Data.csproj
		SccProjectName3 = CarsService.Data
		SccLocalPath3 = CarsService.Data
		SccProjectUniqueName4 = CarsService.Tests\\CarsService.Tests.csproj
		SccProjectName4 = CarsService.Tests
		SccLocalPath4 = CarsService.Tests
		SccProjectUniqueName5 = CarsClient\\CarsClient.csproj
		SccProjectName5 = CarsClient
		SccLocalPath5 = CarsClient
		SccProjectUniqueName6 = ClientProxy\\ClientProxy.csproj
		SccProjectName6 = ClientProxy
		SccLocalPath6 = ClientProxy
	EndGlobalSection
EndGlobal
